
Microsoft Visual Studio Solution File, Format Version 12.00
# Visual Studio Version 17
VisualStudioVersion = 17.14.36121.58 d17.14
MinimumVisualStudioVersion = 10.0.40219.1
Project("{FAE04EC0-301F-11D3-BF4B-00C04F79EFBC}") = "PruebaTecnicaDotNetApi7", "PruebaTecnicaDotNetApi7.csproj", "{F3B21E6E-2610-411E-91C7-E7038903EEB7}"
EndProject
Global
	GlobalSection(SolutionConfigurationPlatforms) = preSolution
		Debug|Any CPU = Debug|Any CPU
		Release|Any CPU = Release|Any CPU
	EndGlobalSection
	GlobalSection(ProjectConfigurationPlatforms) = postSolution
		{F3B21E6E-2610-411E-91C7-E7038903EEB7}.Debug|Any CPU.ActiveCfg = Debug|Any CPU
		{F3B21E6E-2610-411E-91C7-E7038903EEB7}.Debug|Any CPU.Build.0 = Debug|Any CPU
		{F3B21E6E-2610-411E-91C7-E7038903EEB7}.Release|Any CPU.ActiveCfg = Release|Any CPU
		{F3B21E6E-2610-411E-91C7-E7038903EEB7}.Release|Any CPU.Build.0 = Release|Any CPU
	EndGlobalSection
	GlobalSection(SolutionProperties) = preSolution
		HideSolutionNode = FALSE
	EndGlobalSection
	GlobalSection(ExtensibilityGlobals) = postSolution
		SolutionGuid = {69B2F1C7-ED79-428F-9AE0-D954B0E9FDCF}
	EndGlobalSection
EndGlobal
